{
  "name": "face-bus",
  "lockfileVersion": 3,
  "requires": true,
  "packages": {
    "": {
      "dependencies": {
        "webcam-easy": "^1.1.1"
      }
    },
    "node_modules/uglify-js": {
      "version": "3.17.4",
      "resolved": "https://registry.npmjs.org/uglify-js/-/uglify-js-3.17.4.tgz",
      "integrity": "sha512-T9q82TJI9e/C1TAxYvfb16xO120tMVFZrGA3f9/P4424DNu6ypK103y0GPFVa17yotwSyZW5iYXgjYHkGrJW/g==",
      "bin": {
        "uglifyjs": "bin/uglifyjs"
      },
      "engines": {
        "node": ">=0.8.0"
      }
    },
    "node_modules/webcam-easy": {
      "version": "1.1.1",
      "resolved": "https://registry.npmjs.org/webcam-easy/-/webcam-easy-1.1.1.tgz",
      "integrity": "sha512-L2/tXBpWCdZAXI7s5SWB0BICiDATih9OHIhIZpkCWJX4lENF0UTsnqztAb+c0XPy63HoiLUpCHRhdMFaospzGw==",
      "dependencies": {
        "uglify-js": "^3.17.4"
      }
    }
  }
}
